// !$*UTF8*$!
{
	archiveVersion = 1;
	classes = {
	};
	objectVersion = 50;
	objects = {

/* Begin PBXBuildFile section */
		D015B5F02449764D00A3AEEA /* AppDelegate.swift in Sources */ = {isa = PBXBuildFile; fileRef = D015B5EF2449764D00A3AEEA /* AppDelegate.swift */; };
		D015B5F22449764D00A3AEEA /* SceneDelegate.swift in Sources */ = {isa = PBXBuildFile; fileRef = D015B5F12449764D00A3AEEA /* SceneDelegate.swift */; };
		D015B5F42449764D00A3AEEA /* ViewController.swift in Sources */ = {isa = PBXBuildFile; fileRef = D015B5F32449764D00A3AEEA /* ViewController.swift */; };
		D015B5F72449764D00A3AEEA /* Main.storyboard in Resources */ = {isa = PBXBuildFile; fileRef = D015B5F52449764D00A3AEEA /* Main.storyboard */; };
		D015B5F92449765000A3AEEA /* Assets.xcassets in Resources */ = {isa = PBXBuildFile; fileRef = D015B5F82449765000A3AEEA /* Assets.xcassets */; };
		D015B5FC2449765000A3AEEA /* LaunchScreen.storyboard in Resources */ = {isa = PBXBuildFile; fileRef = D015B5FA2449765000A3AEEA /* LaunchScreen.storyboard */; };
		D015B604244976C600A3AEEA /* LWScratchCardView.swift in Sources */ = {isa = PBXBuildFile; fileRef = D015B603244976C600A3AEEA /* LWScratchCardView.swift */; };
/* End PBXBuildFile section */

/* Begin PBXFileReference section */
		D015B5EC2449764D00A3AEEA /* LWScratch.app */ = {isa = PBXFileReference; explicitFileType = wrapper.application; includeInIndex = 0; path = LWScratch.app; sourceTree = BUILT_PRODUCTS_DIR; };
		D015B5EF2449764D00A3AEEA /* AppDelegate.swift */ = {isa = PBXFileReference; lastKnownFileType = sourcecode.swift; path = AppDelegate.swift; sourceTree = "<group>"; };
		D015B5F12449764D00A3AEEA /* SceneDelegate.swift */ = {isa = PBXFileReference; lastKnownFileType = sourcecode.swift; path = SceneDelegate.swift; sourceTree = "<group>"; };
		D015B5F32449764D00A3AEEA /* ViewController.swift */ = {isa = PBXFileReference; lastKnownFileType = sourcecode.swift; path = ViewController.swift; sourceTree = "<group>"; };
		D015B5F62449764D00A3AEEA /* Base */ = {isa = PBXFileReference; lastKnownFileType = file.storyboard; name = Base; path = Base.lproj/Main.storyboard; sourceTree = "<group>"; };
		D015B5F82449765000A3AEEA /* Assets.xcassets */ = {isa = PBXFileReference; lastKnownFileType = folder.assetcatalog; path = Assets.xcassets; sourceTree = "<group>"; };
		D015B5FB2449765000A3AEEA /* Base */ = {isa = PBXFileReference; lastKnownFileType = file.storyboard; name = Base; path = Base.lproj/LaunchScreen.storyboard; sourceTree = "<group>"; };
		D015B5FD2449765000A3AEEA /* Info.plist */ = {isa = PBXFileReference; lastKnownFileType = text.plist.xml; path = Info.plist; sourceTree = "<group>"; };
		D015B603244976C600A3AEEA /* LWScratchCardView.swift */ = {isa = PBXFileReference; lastKnownFileType = sourcecode.swift; path = LWScratchCardView.swift; sourceTree = "<group>"; };
/* End PBXFileReference section */

/* Begin PBXFrameworksBuildPhase section */
		D015B5E92449764D00A3AEEA /* Frameworks */ = {
			isa = PBXFrameworksBuildPhase;
			buildActionMask = 2147483647;
			files = (
			);
			runOnlyForDeploymentPostprocessing = 0;
		};
/* End PBXFrameworksBuildPhase section */

/* Begin PBXGroup section */
		D015B5E32449764D00A3AEEA = {
			isa = PBXGroup;
			children = (
				D015B5EE2449764D00A3AEEA /* LWScratch */,
				D015B5ED2449764D00A3AEEA /* Products */,
			);
			sourceTree = "<group>";
		};
		D015B5ED2449764D00A3AEEA /* Products */ = {
			isa = PBXGroup;
			children = (
				D015B5EC2449764D00A3AEEA /* LWScratch.app */,
			);
			name = Products;
			sourceTree = "<group>";
		};
		D015B5EE2449764D00A3AEEA /* LWScratch */ = {
			isa = PBXGroup;
			children = (
				D015B5EF2449764D00A3AEEA /* AppDelegate.swift */,
				D015B5F12449764D00A3AEEA /* SceneDelegate.swift */,
				D015B5F32449764D00A3AEEA /* ViewController.swift */,
				D015B603244976C600A3AEEA /* LWScratchCardView.swift */,
				D015B5F52449764D00A3AEEA /* Main.storyboard */,
				D015B5F82449765000A3AEEA /* Assets.xcassets */,
				D015B5FA2449765000A3AEEA /* LaunchScreen.storyboard */,
				D015B5FD2449765000A3AEEA /* Info.plist */,
			);
			path = LWScratch;
			sourceTree = "<group>";
		};
/* End PBXGroup section */

/* Begin PBXNativeTarget section */
		D015B5EB2449764D00A3AEEA /* LWScratch */ = {
			isa = PBXNativeTarget;
			buildConfigurationList = D015B6002449765000A3AEEA /* Build configuration list for PBXNativeTarget "LWScratch" */;
			buildPhases = (
				D015B5E82449764D00A3AEEA /* Sources */,
				D015B5E92449764D00A3AEEA /* Frameworks */,
				D015B5EA2449764D00A3AEEA /* Resources */,
			);
			buildRules = (
			);
			dependencies = (
			);
			name = LWScratch;
			productName = LWScratch;
			productReference = D015B5EC2449764D00A3AEEA /* LWScratch.app */;
			productType = "com.apple.product-type.application";
		};
/* End PBXNativeTarget section */

/* Begin PBXProject section */
		D015B5E42449764D00A3AEEA /* Project object */ = {
			isa = PBXProject;
			attributes = {
				LastSwiftUpdateCheck = 1130;
				LastUpgradeCheck = 1130;
				ORGANIZATIONNAME = lw;
				TargetAttributes = {
					D015B5EB2449764D00A3AEEA = {
						CreatedOnToolsVersion = 11.3.1;
					};
				};
			};
			buildConfigurationList = D015B5E72449764D00A3AEEA /* Build configuration list for PBXProject "LWScratch" */;
			compatibilityVersion = "Xcode 9.3";
			developmentRegion = en;
			hasScannedForEncodings = 0;
			knownRegions = (
				en,
				Base,
			);
			mainGroup = D015B5E32449764D00A3AEEA;
			productRefGroup = D015B5ED2449764D00A3AEEA /* Products */;
			projectDirPath = "";
			projectRoot = "";
			targets = (
				D015B5EB2449764D00A3AEEA /* LWScratch */,
			);
		};
/* End PBXProject section */

/* Begin PBXResourcesBuildPhase section */
		D015B5EA2449764D00A3AEEA /* Resources */ = {
			isa = PBXResourcesBuildPhase;
			buildActionMask = 2147483647;
			files = (
				D015B5FC2449765000A3AEEA /* LaunchScreen.storyboard in Resources */,
				D015B5F92449765000A3AEEA /* Assets.xcassets in Resources */,
				D015B5F72449764D00A3AEEA /* Main.storyboard in Resources */,
			);
			runOnlyForDeploymentPostprocessing = 0;
		};
/* End PBXResourcesBuildPhase section */

/* Begin PBXSourcesBuildPhase section */
		D015B5E82449764D00A3AEEA /* Sources */ = {
			isa = PBXSourcesBuildPhase;
			buildActionMask = 2147483647;
			files = (
				D015B5F42449764D00A3AEEA /* ViewController.swift in Sources */,
				D015B5F02449764D00A3AEEA /* AppDelegate.swift in Sources */,
				D015B604244976C600A3AEEA /* LWScratchCardView.swift in Sources */,
				D015B5F22449764D00A3AEEA /* SceneDelegate.swift in Sources */,
			);
			runOnlyForDeploymentPostprocessing = 0;
		};
/* End PBXSourcesBuildPhase section */

/* Begin PBXVariantGroup section */
		D015B5F52449764D00A3AEEA /* Main.storyboard */ = {
			isa = PBXVariantGroup;
			children = (
				D015B5F62449764D00A3AEEA /* Base */,
			);
			name = Main.storyboard;
			sourceTree = "<group>";
		};
		D015B5FA2449765000A3AEEA /* LaunchScreen.storyboard */ = {
			isa = PBXVariantGroup;
			children = (
				D015B5FB2449765000A3AEEA /* Base */,
			);
			name = LaunchScreen.storyboard;
			sourceTree = "<group>";
		};
/* End PBXVariantGroup section */

/* Begin XCBuildConfiguration section */
		D015B5FE2449765000A3AEEA /* Debug */ = {
			isa = XCBuildConfiguration;
			buildSettings = {
				ALWAYS_SEARCH_USER_PATHS = NO;
				CLANG_ANALYZER_NONNULL = YES;
				CLANG_ANALYZER_NUMBER_OBJECT_CONVERSION = YES_AGGRESSIVE;
				CLANG_CXX_LANGUAGE_STANDARD = "gnu++14";
				CLANG_CXX_LIBRARY = "libc++";
				CLANG_ENABLE_MODULES = YES;
				CLANG_ENABLE_OBJC_ARC = YES;
				CLANG_ENABLE_OBJC_WEAK = YES;
				CLANG_WARN_BLOCK_CAPTURE_AUTORELEASING = YES;
				CLANG_WARN_BOOL_CONVERSION = YES;
				CLANG_WARN_COMMA = YES;
				CLANG_WARN_CONSTANT_CONVERSION = YES;
				CLANG_WARN_DEPRECATED_OBJC_IMPLEMENTATIONS = YES;
				CLANG_WARN_DIRECT_OBJC_ISA_USAGE = YES_ERROR;
				CLANG_WARN_DOCUMENTATION_COMMENTS = YES;
				CLANG_WARN_EMPTY_BODY = YES;
				CLANG_WARN_ENUM_CONVERSION = YES;
				CLANG_WARN_INFINITE_RECURSION = YES;
				CLANG_WARN_INT_CONVERSION = YES;
				CLANG_WARN_NON_LITERAL_NULL_CONVERSION = YES;
				CLANG_WARN_OBJC_IMPLICIT_RETAIN_SELF = YES;
				CLANG_WARN_OBJC_LITERAL_CONVERSION = YES;
				CLANG_WARN_OBJC_ROOT_CLASS = YES_ERROR;
				CLANG_WARN_RANGE_LOOP_ANALYSIS = YES;
				CLANG_WARN_STRICT_PROTOTYPES = YES;
				CLANG_WARN_SUSPICIOUS_MOVE = YES;
				CLANG_WARN_UNGUARDED_AVAILABILITY = YES_AGGRESSIVE;
				CLANG_WARN_UNREACHABLE_CODE = YES;
				CLANG_WARN__DUPLICATE_METHOD_MATCH = YES;
				COPY_PHASE_STRIP = NO;
				DEBUG_INFORMATION_FORMAT = dwarf;
				ENABLE_STRICT_OBJC_MSGSEND = YES;
				ENABLE_TESTABILITY = YES;
				GCC_C_LANGUAGE_STANDARD = gnu11;
				GCC_DYNAMIC_NO_PIC = NO;
				GCC_NO_COMMON_BLOCKS = YES;
				GCC_OPTIMIZATION_LEVEL = 0;
				GCC_PREPROCESSOR_DEFINITIONS = (
					"DEBUG=1",
					"$(inherited)",
				);
				GCC_WARN_64_TO_32_BIT_CONVERSION = YES;
				GCC_WARN_ABOUT_RETURN_TYPE = YES_ERROR;
				GCC_WARN_UNDECLARED_SELECTOR = YES;
				GCC_WARN_UNINITIALIZED_AUTOS = YES_AGGRESSIVE;
				GCC_WARN_UNUSED_FUNCTION = YES;
				GCC_WARN_UNUSED_VARIABLE = YES;
				IPHONEOS_DEPLOYMENT_TARGET = 13.2;
				MTL_ENABLE_DEBUG_INFO = INCLUDE_SOURCE;
				MTL_FAST_MATH = YES;
				ONLY_ACTIVE_ARCH = YES;
				SDKROOT = iphoneos;
				SWIFT_ACTIVE_COMPILATION_CONDITIONS = DEBUG;
				SWIFT_OPTIMIZATION_LEVEL = "-Onone";
			};
			name = Debug;
		};
		D015B5FF2449765000A3AEEA /* Release */ = {
			isa = XCBuildConfiguration;
			buildSettings = {
				ALWAYS_SEARCH_USER_PATHS = NO;
				CLANG_ANALYZER_NONNULL = YES;
				CLANG_ANALYZER_NUMBER_OBJECT_CONVERSION = YES_AGGRESSIVE;
				CLANG_CXX_LANGUAGE_STANDARD = "gnu++14";
				CLANG_CXX_LIBRARY = "libc++";
				CLANG_ENABLE_MODULES = YES;
				CLANG_ENABLE_OBJC_ARC = YES;
				CLANG_ENABLE_OBJC_WEAK = YES;
				CLANG_WARN_BLOCK_CAPTURE_AUTORELEASING = YES;
				CLANG_WARN_BOOL_CONVERSION = YES;
				CLANG_WARN_COMMA = YES;
				CLANG_WARN_CONSTANT_CONVERSION = YES;
				CLANG_WARN_DEPRECATED_OBJC_IMPLEMENTATIONS = YES;
				CLANG_WARN_DIRECT_OBJC_ISA_USAGE = YES_ERROR;
				CLANG_WARN_DOCUMENTATION_COMMENTS = YES;
				CLANG_WARN_EMPTY_BODY = YES;
				CLANG_WARN_ENUM_CONVERSION = YES;
				CLANG_WARN_INFINITE_RECURSION = YES;
				CLANG_WARN_INT_CONVERSION = YES;
				CLANG_WARN_NON_LITERAL_NULL_CONVERSION = YES;
				CLANG_WARN_OBJC_IMPLICIT_RETAIN_SELF = YES;
				CLANG_WARN_OBJC_LITERAL_CONVERSION = YES;
				CLANG_WARN_OBJC_ROOT_CLASS = YES_ERROR;
				CLANG_WARN_RANGE_LOOP_ANALYSIS = YES;
				CLANG_WARN_STRICT_PROTOTYPES = YES;
				CLANG_WARN_SUSPICIOUS_MOVE = YES;
				CLANG_WARN_UNGUARDED_AVAILABILITY = YES_AGGRESSIVE;
				CLANG_WARN_UNREACHABLE_CODE = YES;
				CLANG_WARN__DUPLICATE_METHOD_MATCH = YES;
				COPY_PHASE_STRIP = NO;
				DEBUG_INFORMATION_FORMAT = "dwarf-with-dsym";
				ENABLE_NS_ASSERTIONS = NO;
				ENABLE_STRICT_OBJC_MSGSEND = YES;
				GCC_C_LANGUAGE_STANDARD = gnu11;
				GCC_NO_COMMON_BLOCKS = YES;
				GCC_WARN_64_TO_32_BIT_CONVERSION = YES;
				GCC_WARN_ABOUT_RETURN_TYPE = YES_ERROR;
				GCC_WARN_UNDECLARED_SELECTOR = YES;
				GCC_WARN_UNINITIALIZED_AUTOS = YES_AGGRESSIVE;
				GCC_WARN_UNUSED_FUNCTION = YES;
				GCC_WARN_UNUSED_VARIABLE = YES;
				IPHONEOS_DEPLOYMENT_TARGET = 13.2;
				MTL_ENABLE_DEBUG_INFO = NO;
				MTL_FAST_MATH = YES;
				SDKROOT = iphoneos;
				SWIFT_COMPILATION_MODE = wholemodule;
				SWIFT_OPTIMIZATION_LEVEL = "-O";
				VALIDATE_PRODUCT = YES;
			};
			name = Release;
		};
		D015B6012449765000A3AEEA /* Debug */ = {
			isa = XCBuildConfiguration;
			buildSettings = {
				ASSETCATALOG_COMPILER_APPICON_NAME = AppIcon;
				CODE_SIGN_STYLE = Automatic;
				DEVELOPMENT_TEAM = 2S87YM5WH6;
				INFOPLIST_FILE = LWScratch/Info.plist;
				LD_RUNPATH_SEARCH_PATHS = (
					"$(inherited)",
					"@executable_path/Frameworks",
				);
				PRODUCT_BUNDLE_IDENTIFIER = com.LWScratch;
				PRODUCT_NAME = "$(TARGET_NAME)";
				SWIFT_VERSION = 5.0;
				TARGETED_DEVICE_FAMILY = "1,2";
			};
			name = Debug;
		};
		D015B6022449765000A3AEEA /* Release */ = {
			isa = XCBuildConfiguration;
			buildSettings = {
				ASSETCATALOG_COMPILER_APPICON_NAME = AppIcon;
				CODE_SIGN_STYLE = Automatic;
				DEVELOPMENT_TEAM = 2S87YM5WH6;
				INFOPLIST_FILE = LWScratch/Info.plist;
				LD_RUNPATH_SEARCH_PATHS = (
					"$(inherited)",
					"@executable_path/Frameworks",
				);
				PRODUCT_BUNDLE_IDENTIFIER = com.LWScratch;
				PRODUCT_NAME = "$(TARGET_NAME)";
				SWIFT_VERSION = 5.0;
				TARGETED_DEVICE_FAMILY = "1,2";
			};
			name = Release;
		};
/* End XCBuildConfiguration section */

/* Begin XCConfigurationList section */
		D015B5E72449764D00A3AEEA /* Build configuration list for PBXProject "LWScratch" */ = {
			isa = XCConfigurationList;
			buildConfigurations = (
				D015B5FE2449765000A3AEEA /* Debug */,
				D015B5FF2449765000A3AEEA /* Release */,
			);
			defaultConfigurationIsVisible = 0;
			defaultConfigurationName = Release;
		};
		D015B6002449765000A3AEEA /* Build configuration list for PBXNativeTarget "LWScratch" */ = {
			isa = XCConfigurationList;
			buildConfigurations = (
				D015B6012449765000A3AEEA /* Debug */,
				D015B6022449765000A3AEEA /* Release */,
			);
			defaultConfigurationIsVisible = 0;
			defaultConfigurationName = Release;
		};
/* End XCConfigurationList section */
	};
	rootObject = D015B5E42449764D00A3AEEA /* Project object */;
}
